
Microsoft Visual Studio Solution File, Format Version 12.00
# Visual Studio Version 16
VisualStudioVersion = 16.0.30002.166
MinimumVisualStudioVersion = 10.0.40219.1
Project("{888888A0-9F3D-457C-B088-3A5042F75D52}") = "Client", "Client.pyproj", "{1C2053DB-A3BA-4487-9ADE-98C3996AF4DF}"
EndProject
Global
	GlobalSection(SolutionConfigurationPlatforms) = preSolution
		Debug|Any CPU = Debug|Any CPU
		Release|Any CPU = Release|Any CPU
	EndGlobalSection
	GlobalSection(ProjectConfigurationPlatforms) = postSolution
		{1C2053DB-A3BA-4487-9ADE-98C3996AF4DF}.Debug|Any CPU.ActiveCfg = Debug|Any CPU
		{1C2053DB-A3BA-4487-9ADE-98C3996AF4DF}.Release|Any CPU.ActiveCfg = Release|Any CPU
	EndGlobalSection
	GlobalSection(SolutionProperties) = preSolution
		HideSolutionNode = FALSE
	EndGlobalSection
	GlobalSection(ExtensibilityGlobals) = postSolution
		SolutionGuid = {A80FDCB7-1525-4D2D-A080-E60C42467FC3}
	EndGlobalSection
EndGlobal
