
Microsoft Visual Studio Solution File, Format Version 12.00
# Visual Studio Version 16
VisualStudioVersion = 16.0.30002.166
MinimumVisualStudioVersion = 10.0.40219.1
Project("{8BC9CEB8-8B4A-11D0-8D11-00A0C91BC942}") = "LabaIsis3", "LabaIsis3.vcxproj", "{42BC3356-B4FC-415E-BA8C-08D03C04195E}"
EndProject
Global
	GlobalSection(SolutionConfigurationPlatforms) = preSolution
		Debug|x64 = Debug|x64
		Debug|x86 = Debug|x86
		Release|x64 = Release|x64
		Release|x86 = Release|x86
	EndGlobalSection
	GlobalSection(ProjectConfigurationPlatforms) = postSolution
		{42BC3356-B4FC-415E-BA8C-08D03C04195E}.Debug|x64.ActiveCfg = Debug|x64
		{42BC3356-B4FC-415E-BA8C-08D03C04195E}.Debug|x64.Build.0 = Debug|x64
		{42BC3356-B4FC-415E-BA8C-08D03C04195E}.Debug|x86.ActiveCfg = Debug|Win32
		{42BC3356-B4FC-415E-BA8C-08D03C04195E}.Debug|x86.Build.0 = Debug|Win32
		{42BC3356-B4FC-415E-BA8C-08D03C04195E}.Release|x64.ActiveCfg = Release|x64
		{42BC3356-B4FC-415E-BA8C-08D03C04195E}.Release|x64.Build.0 = Release|x64
		{42BC3356-B4FC-415E-BA8C-08D03C04195E}.Release|x86.ActiveCfg = Release|Win32
		{42BC3356-B4FC-415E-BA8C-08D03C04195E}.Release|x86.Build.0 = Release|Win32
	EndGlobalSection
	GlobalSection(SolutionProperties) = preSolution
		HideSolutionNode = FALSE
	EndGlobalSection
	GlobalSection(ExtensibilityGlobals) = postSolution
		SolutionGuid = {36AE07CF-60A9-4F4F-B11F-4D24712C9299}
	EndGlobalSection
EndGlobal
