
Microsoft Visual Studio Solution File, Format Version 12.00
# Visual Studio Version 16
VisualStudioVersion = 16.0.30002.166
MinimumVisualStudioVersion = 10.0.40219.1
Project("{888888A0-9F3D-457C-B088-3A5042F75D52}") = "Laba3VMKSreal", "Laba3VMKSreal.pyproj", "{F0AFA414-46D7-413E-B57F-61DC16A56C65}"
EndProject
Global
	GlobalSection(SolutionConfigurationPlatforms) = preSolution
		Debug|Any CPU = Debug|Any CPU
		Release|Any CPU = Release|Any CPU
	EndGlobalSection
	GlobalSection(ProjectConfigurationPlatforms) = postSolution
		{F0AFA414-46D7-413E-B57F-61DC16A56C65}.Debug|Any CPU.ActiveCfg = Debug|Any CPU
		{F0AFA414-46D7-413E-B57F-61DC16A56C65}.Release|Any CPU.ActiveCfg = Release|Any CPU
	EndGlobalSection
	GlobalSection(SolutionProperties) = preSolution
		HideSolutionNode = FALSE
	EndGlobalSection
	GlobalSection(ExtensibilityGlobals) = postSolution
		SolutionGuid = {36CC14DA-98C8-41B4-A3B2-ADE5B45CED29}
	EndGlobalSection
EndGlobal
